
Microsoft Visual Studio Solution File, Format Version 12.00
# Visual Studio Version 17
VisualStudioVersion = 17.14.36202.13 d17.14
MinimumVisualStudioVersion = 10.0.40219.1
Project("{FAE04EC0-301F-11D3-BF4B-00C04F79EFBC}") = "Patika-if-else", "Patika-if-else\Patika-if-else.csproj", "{7D77024C-F281-4792-89DE-9A115DADB5B1}"
EndProject
Global
	GlobalSection(SolutionConfigurationPlatforms) = preSolution
		Debug|Any CPU = Debug|Any CPU
		Release|Any CPU = Release|Any CPU
	EndGlobalSection
	GlobalSection(ProjectConfigurationPlatforms) = postSolution
		{7D77024C-F281-4792-89DE-9A115DADB5B1}.Debug|Any CPU.ActiveCfg = Debug|Any CPU
		{7D77024C-F281-4792-89DE-9A115DADB5B1}.Debug|Any CPU.Build.0 = Debug|Any CPU
		{7D77024C-F281-4792-89DE-9A115DADB5B1}.Release|Any CPU.ActiveCfg = Release|Any CPU
		{7D77024C-F281-4792-89DE-9A115DADB5B1}.Release|Any CPU.Build.0 = Release|Any CPU
	EndGlobalSection
	GlobalSection(SolutionProperties) = preSolution
		HideSolutionNode = FALSE
	EndGlobalSection
	GlobalSection(ExtensibilityGlobals) = postSolution
		SolutionGuid = {6371AB0A-A98E-4AA3-AC09-CFEC1A696C83}
	EndGlobalSection
EndGlobal
